[[package]]
name = "atomicwrites"
version = "1.4.0"
description = "Atomic file writes."
category = "main"
optional = false
python-versions = ">=2.7, !=3.0.*, !=3.1.*, !=3.2.*, !=3.3.*"

[[package]]
name = "attrs"
version = "21.4.0"
description = "Classes Without Boilerplate"
category = "main"
optional = false
python-versions = ">=2.7, !=3.0.*, !=3.1.*, !=3.2.*, !=3.3.*, !=3.4.*"

[package.extras]
dev = ["coverage[toml] (>=5.0.2)", "hypothesis", "pympler", "pytest (>=4.3.0)", "six", "mypy", "pytest-mypy-plugins", "zope.interface", "furo", "sphinx", "sphinx-notfound-page", "pre-commit", "cloudpickle"]
docs = ["furo", "sphinx", "zope.interface", "sphinx-notfound-page"]
tests = ["coverage[toml] (>=5.0.2)", "hypothesis", "pympler", "pytest (>=4.3.0)", "six", "mypy", "pytest-mypy-plugins", "zope.interface", "cloudpickle"]
tests_no_zope = ["coverage[toml] (>=5.0.2)", "hypothesis", "pympler", "pytest (>=4.3.0)", "six", "mypy", "pytest-mypy-plugins", "cloudpickle"]

[[package]]
name = "bcrypt"
version = "3.2.0"
description = "Modern password hashing for your software and your servers"
category = "main"
optional = false
python-versions = ">=3.6"

[package.dependencies]
cffi = ">=1.1"
six = ">=1.4.1"

[package.extras]
tests = ["pytest (>=3.2.1,!=3.3.0)"]
typecheck = ["mypy"]

[[package]]
name = "certifi"
version = "2021.10.8"
description = "Python package for providing Mozilla's CA Bundle."
category = "main"
optional = false
python-versions = "*"

[[package]]
name = "cffi"
version = "1.15.0"
description = "Foreign Function Interface for Python calling C code."
category = "main"
optional = false
python-versions = "*"

[package.dependencies]
pycparser = "*"

[[package]]
name = "charset-normalizer"
version = "2.0.12"
description = "The Real First Universal Charset Detector. Open, modern and actively maintained alternative to Chardet."
category = "main"
optional = false
python-versions = ">=3.5.0"

[package.extras]
unicode_backport = ["unicodedata2"]

[[package]]
name = "colorama"
version = "0.4.4"
description = "Cross-platform colored terminal text."
category = "main"
optional = false
python-versions = ">=2.7, !=3.0.*, !=3.1.*, !=3.2.*, !=3.3.*, !=3.4.*"

[[package]]
name = "greenlet"
version = "1.1.2"
description = "Lightweight in-process concurrent programming"
category = "main"
optional = false
python-versions = ">=2.7,!=3.0.*,!=3.1.*,!=3.2.*,!=3.3.*,!=3.4.*"

[package.extras]
docs = ["sphinx"]

[[package]]
name = "idna"
version = "3.3"
description = "Internationalized Domain Names in Applications (IDNA)"
category = "main"
optional = false
python-versions = ">=3.5"

[[package]]
name = "iniconfig"
version = "1.1.1"
description = "iniconfig: brain-dead simple config-ini parsing"
category = "main"
optional = false
python-versions = "*"

[[package]]
name = "invoke"
version = "1.7.0"
description = "Pythonic task execution"
category = "main"
optional = false
python-versions = "*"

[[package]]
name = "packaging"
version = "21.3"
description = "Core utilities for Python packages"
category = "main"
optional = false
python-versions = ">=3.6"

[package.dependencies]
pyparsing = ">=2.0.2,<3.0.5 || >3.0.5"

[[package]]
name = "pluggy"
version = "1.0.0"
description = "plugin and hook calling mechanisms for python"
category = "main"
optional = false
python-versions = ">=3.6"

[package.extras]
dev = ["pre-commit", "tox"]
testing = ["pytest", "pytest-benchmark"]

[[package]]
name = "proxy-tools"
version = "0.1.0"
description = "Proxy Implementation"
category = "main"
optional = false
python-versions = "*"

[[package]]
name = "py"
version = "1.11.0"
description = "library with cross-python path, ini-parsing, io, code, log facilities"
category = "main"
optional = false
python-versions = ">=2.7, !=3.0.*, !=3.1.*, !=3.2.*, !=3.3.*, !=3.4.*"

[[package]]
name = "pycparser"
version = "2.21"
description = "C parser in Python"
category = "main"
optional = false
python-versions = ">=2.7, !=3.0.*, !=3.1.*, !=3.2.*, !=3.3.*"

[[package]]
name = "pyobjc-core"
version = "8.4.1"
description = "Python<->ObjC Interoperability Module"
category = "main"
optional = false
python-versions = ">=3.6"

[[package]]
name = "pyobjc-framework-cocoa"
version = "8.4.1"
description = "Wrappers for the Cocoa frameworks on macOS"
category = "main"
optional = false
python-versions = ">=3.6"

[package.dependencies]
pyobjc-core = ">=8.4.1"

[[package]]
name = "pyobjc-framework-webkit"
version = "8.4.1"
description = "Wrappers for the framework WebKit on macOS"
category = "main"
optional = false
python-versions = ">=3.6"

[package.dependencies]
pyobjc-core = ">=8.4.1"
pyobjc-framework-Cocoa = ">=8.4.1"

[[package]]
name = "pyparsing"
version = "3.0.7"
description = "Python parsing module"
category = "main"
optional = false
python-versions = ">=3.6"

[package.extras]
diagrams = ["jinja2", "railroad-diagrams"]

[[package]]
name = "pyqt5"
version = "5.15.6"
description = "Python bindings for the Qt cross platform application toolkit"
category = "main"
optional = false
python-versions = ">=3.6"

[package.dependencies]
PyQt5-Qt5 = ">=5.15.2"
PyQt5-sip = ">=12.8,<13"

[[package]]
name = "pyqt5-qt5"
version = "5.15.2"
description = "The subset of a Qt installation needed by PyQt5."
category = "main"
optional = false
python-versions = "*"

[[package]]
name = "pyqt5-sip"
version = "12.9.1"
description = "The sip module support for PyQt5"
category = "main"
optional = false
python-versions = ">=3.5"

[[package]]
name = "pyqtwebengine"
version = "5.15.5"
description = "Python bindings for the Qt WebEngine framework"
category = "main"
optional = false
python-versions = ">=3.6"

[package.dependencies]
PyQt5 = ">=5.15.4"
PyQt5-sip = ">=12.8,<13"
PyQtWebEngine-Qt5 = ">=5.15.2"

[[package]]
name = "pyqtwebengine-qt5"
version = "5.15.2"
description = "The subset of a Qt installation needed by PyQtWebEngine."
category = "main"
optional = false
python-versions = "*"

[[package]]
name = "pytest"
version = "7.1.1"
description = "pytest: simple powerful testing with Python"
category = "main"
optional = false
python-versions = ">=3.7"

[package.dependencies]
atomicwrites = {version = ">=1.0", markers = "sys_platform == \"win32\""}
attrs = ">=19.2.0"
colorama = {version = "*", markers = "sys_platform == \"win32\""}
iniconfig = "*"
packaging = "*"
pluggy = ">=0.12,<2.0"
py = ">=1.8.2"
tomli = ">=1.0.0"

[package.extras]
testing = ["argcomplete", "hypothesis (>=3.56)", "mock", "nose", "pygments (>=2.7.2)", "requests", "xmlschema"]

[[package]]
name = "pythonnet"
version = "2.5.2"
description = ".Net and Mono integration for Python"
category = "main"
optional = false
python-versions = "*"

[package.dependencies]
pycparser = "*"

[[package]]
name = "pywebview"
version = "3.6.2"
description = "Build GUI for your Python program with JavaScript, HTML, and CSS."
category = "main"
optional = false
python-versions = "*"

[package.dependencies]
proxy-tools = "*"
pyobjc-core = {version = "*", markers = "sys_platform == \"darwin\""}
pyobjc-framework-Cocoa = {version = "*", markers = "sys_platform == \"darwin\""}
pyobjc-framework-WebKit = {version = "*", markers = "sys_platform == \"darwin\""}
PyQt5 = {version = "*", optional = true, markers = "extra == \"qt\""}
pyqtwebengine = {version = "*", optional = true, markers = "extra == \"qt\""}
pythonnet = {version = "*", markers = "sys_platform == \"win32\""}
QtPy = {version = "*", markers = "sys_platform == \"openbsd6\""}

[package.extras]
cef = ["cefpython3"]
gtk = ["pygobject"]
pyside2 = ["qtpy", "pyside2"]
pyside6 = ["qtpy", "pyside6"]
qt = ["qtpy", "pyqt5", "pyqtwebengine"]

[[package]]
name = "qtpy"
version = "2.0.1"
description = "Provides an abstraction layer on top of the various Qt bindings (PyQt5/6 and PySide2/6)."
category = "main"
optional = false
python-versions = ">=3.6"

[package.dependencies]
packaging = "*"

[package.extras]
test = ["pytest (>=6.0.0)", "pytest-cov (>=3.0.0)", "pytest-qt"]

[[package]]
name = "requests"
version = "2.27.1"
description = "Python HTTP for Humans."
category = "main"
optional = false
python-versions = ">=2.7, !=3.0.*, !=3.1.*, !=3.2.*, !=3.3.*, !=3.4.*, !=3.5.*"

[package.dependencies]
certifi = ">=2017.4.17"
charset-normalizer = {version = ">=2.0.0,<2.1.0", markers = "python_version >= \"3\""}
idna = {version = ">=2.5,<4", markers = "python_version >= \"3\""}
urllib3 = ">=1.21.1,<1.27"

[package.extras]
socks = ["PySocks (>=1.5.6,!=1.5.7)", "win-inet-pton"]
use_chardet_on_py3 = ["chardet (>=3.0.2,<5)"]

[[package]]
name = "six"
version = "1.16.0"
description = "Python 2 and 3 compatibility utilities"
category = "main"
optional = false
python-versions = ">=2.7, !=3.0.*, !=3.1.*, !=3.2.*"

[[package]]
name = "sqlalchemy"
version = "1.4.34"
description = "Database Abstraction Library"
category = "main"
optional = false
python-versions = "!=3.0.*,!=3.1.*,!=3.2.*,!=3.3.*,!=3.4.*,!=3.5.*,>=2.7"

[package.dependencies]
greenlet = {version = "!=0.4.17", markers = "python_version >= \"3\" and (platform_machine == \"aarch64\" or platform_machine == \"ppc64le\" or platform_machine == \"x86_64\" or platform_machine == \"amd64\" or platform_machine == \"AMD64\" or platform_machine == \"win32\" or platform_machine == \"WIN32\")"}

[package.extras]
aiomysql = ["greenlet (!=0.4.17)", "aiomysql"]
aiosqlite = ["typing_extensions (!=3.10.0.1)", "greenlet (!=0.4.17)", "aiosqlite"]
asyncio = ["greenlet (!=0.4.17)"]
asyncmy = ["greenlet (!=0.4.17)", "asyncmy (>=0.2.3,!=0.2.4)"]
mariadb_connector = ["mariadb (>=1.0.1)"]
mssql = ["pyodbc"]
mssql_pymssql = ["pymssql"]
mssql_pyodbc = ["pyodbc"]
mypy = ["sqlalchemy2-stubs", "mypy (>=0.910)"]
mysql = ["mysqlclient (>=1.4.0,<2)", "mysqlclient (>=1.4.0)"]
mysql_connector = ["mysql-connector-python"]
oracle = ["cx_oracle (>=7,<8)", "cx_oracle (>=7)"]
postgresql = ["psycopg2 (>=2.7)"]
postgresql_asyncpg = ["greenlet (!=0.4.17)", "asyncpg"]
postgresql_pg8000 = ["pg8000 (>=1.16.6)"]
postgresql_psycopg2binary = ["psycopg2-binary"]
postgresql_psycopg2cffi = ["psycopg2cffi"]
pymysql = ["pymysql (<1)", "pymysql"]
sqlcipher = ["sqlcipher3-binary"]

[[package]]
name = "tomli"
version = "2.0.1"
description = "A lil' TOML parser"
category = "main"
optional = false
python-versions = ">=3.7"

[[package]]
name = "urllib3"
version = "1.26.9"
description = "HTTP library with thread-safe connection pooling, file post, and more."
category = "main"
optional = false
python-versions = ">=2.7, !=3.0.*, !=3.1.*, !=3.2.*, !=3.3.*, !=3.4.*, <4"

[package.extras]
brotli = ["brotlicffi (>=0.8.0)", "brotli (>=1.0.9)", "brotlipy (>=0.6.0)"]
secure = ["pyOpenSSL (>=0.14)", "cryptography (>=1.3.4)", "idna (>=2.0.0)", "certifi", "ipaddress"]
socks = ["PySocks (>=1.5.6,!=1.5.7,<2.0)"]

[metadata]
lock-version = "1.1"
python-versions = "^3.8"
content-hash = "a46fd3d7bf33ca0af59aac9bcd9d58e1ffa965657cb9f4d1e5ee2d7dc4ea8baa"

[metadata.files]
atomicwrites = [
    {file = "atomicwrites-1.4.0-py2.py3-none-any.whl", hash = "sha256:6d1784dea7c0c8d4a5172b6c620f40b6e4cbfdf96d783691f2e1302a7b88e197"},
    {file = "atomicwrites-1.4.0.tar.gz", hash = "sha256:ae70396ad1a434f9c7046fd2dd196fc04b12f9e91ffb859164193be8b6168a7a"},
]
attrs = [
    {file = "attrs-21.4.0-py2.py3-none-any.whl", hash = "sha256:2d27e3784d7a565d36ab851fe94887c5eccd6a463168875832a1be79c82828b4"},
    {file = "attrs-21.4.0.tar.gz", hash = "sha256:626ba8234211db98e869df76230a137c4c40a12d72445c45d5f5b716f076e2fd"},
]
bcrypt = [
    {file = "bcrypt-3.2.0-cp36-abi3-macosx_10_10_universal2.whl", hash = "sha256:b589229207630484aefe5899122fb938a5b017b0f4349f769b8c13e78d99a8fd"},
    {file = "bcrypt-3.2.0-cp36-abi3-macosx_10_9_x86_64.whl", hash = "sha256:c95d4cbebffafcdd28bd28bb4e25b31c50f6da605c81ffd9ad8a3d1b2ab7b1b6"},
    {file = "bcrypt-3.2.0-cp36-abi3-manylinux1_x86_64.whl", hash = "sha256:63d4e3ff96188e5898779b6057878fecf3f11cfe6ec3b313ea09955d587ec7a7"},
    {file = "bcrypt-3.2.0-cp36-abi3-manylinux2010_x86_64.whl", hash = "sha256:cd1ea2ff3038509ea95f687256c46b79f5fc382ad0aa3664d200047546d511d1"},
    {file = "bcrypt-3.2.0-cp36-abi3-manylinux2014_aarch64.whl", hash = "sha256:cdcdcb3972027f83fe24a48b1e90ea4b584d35f1cc279d76de6fc4b13376239d"},
    {file = "bcrypt-3.2.0-cp36-abi3-manylinux_2_17_x86_64.manylinux2014_x86_64.manylinux_2_24_x86_64.whl", hash = "sha256:a0584a92329210fcd75eb8a3250c5a941633f8bfaf2a18f81009b097732839b7"},
    {file = "bcrypt-3.2.0-cp36-abi3-musllinux_1_1_x86_64.whl", hash = "sha256:56e5da069a76470679f312a7d3d23deb3ac4519991a0361abc11da837087b61d"},
    {file = "bcrypt-3.2.0-cp36-abi3-win32.whl", hash = "sha256:a67fb841b35c28a59cebed05fbd3e80eea26e6d75851f0574a9273c80f3e9b55"},
    {file = "bcrypt-3.2.0-cp36-abi3-win_amd64.whl", hash = "sha256:81fec756feff5b6818ea7ab031205e1d323d8943d237303baca2c5f9c7846f34"},
    {file = "bcrypt-3.2.0.tar.gz", hash = "sha256:5b93c1726e50a93a033c36e5ca7fdcd29a5c7395af50a6892f5d9e7c6cfbfb29"},
]
certifi = [
    {file = "certifi-2021.10.8-py2.py3-none-any.whl", hash = "sha256:d62a0163eb4c2344ac042ab2bdf75399a71a2d8c7d47eac2e2ee91b9d6339569"},
    {file = "certifi-2021.10.8.tar.gz", hash = "sha256:78884e7c1d4b00ce3cea67b44566851c4343c120abd683433ce934a68ea58872"},
]
cffi = [
    {file = "cffi-1.15.0-cp27-cp27m-macosx_10_9_x86_64.whl", hash = "sha256:c2502a1a03b6312837279c8c1bd3ebedf6c12c4228ddbad40912d671ccc8a962"},
    {file = "cffi-1.15.0-cp27-cp27m-manylinux1_i686.whl", hash = "sha256:23cfe892bd5dd8941608f93348c0737e369e51c100d03718f108bf1add7bd6d0"},
    {file = "cffi-1.15.0-cp27-cp27m-manylinux1_x86_64.whl", hash = "sha256:41d45de54cd277a7878919867c0f08b0cf817605e4eb94093e7516505d3c8d14"},
    {file = "cffi-1.15.0-cp27-cp27m-win32.whl", hash = "sha256:4a306fa632e8f0928956a41fa8e1d6243c71e7eb59ffbd165fc0b41e316b2474"},
    {file = "cffi-1.15.0-cp27-cp27m-win_amd64.whl", hash = "sha256:e7022a66d9b55e93e1a845d8c9eba2a1bebd4966cd8bfc25d9cd07d515b33fa6"},
    {file = "cffi-1.15.0-cp27-cp27mu-manylinux1_i686.whl", hash = "sha256:14cd121ea63ecdae71efa69c15c5543a4b5fbcd0bbe2aad864baca0063cecf27"},
    {file = "cffi-1.15.0-cp27-cp27mu-manylinux1_x86_64.whl", hash = "sha256:d4d692a89c5cf08a8557fdeb329b82e7bf609aadfaed6c0d79f5a449a3c7c023"},
    {file = "cffi-1.15.0-cp310-cp310-macosx_10_9_x86_64.whl", hash = "sha256:0104fb5ae2391d46a4cb082abdd5c69ea4eab79d8d44eaaf79f1b1fd806ee4c2"},
    {file = "cffi-1.15.0-cp310-cp310-macosx_11_0_arm64.whl", hash = "sha256:91ec59c33514b7c7559a6acda53bbfe1b283949c34fe7440bcf917f96ac0723e"},
    {file = "cffi-1.15.0-cp310-cp310-manylinux_2_12_i686.manylinux2010_i686.whl", hash = "sha256:f5c7150ad32ba43a07c4479f40241756145a1f03b43480e058cfd862bf5041c7"},
    {file = "cffi-1.15.0-cp310-cp310-manylinux_2_12_x86_64.manylinux2010_x86_64.whl", hash = "sha256:00c878c90cb53ccfaae6b8bc18ad05d2036553e6d9d1d9dbcf323bbe83854ca3"},
    {file = "cffi-1.15.0-cp310-cp310-manylinux_2_17_aarch64.manylinux2014_aarch64.whl", hash = "sha256:abb9a20a72ac4e0fdb50dae135ba5e77880518e742077ced47eb1499e29a443c"},
    {file = "cffi-1.15.0-cp310-cp310-manylinux_2_17_ppc64le.manylinux2014_ppc64le.whl", hash = "sha256:a5263e363c27b653a90078143adb3d076c1a748ec9ecc78ea2fb916f9b861962"},
    {file = "cffi-1.15.0-cp310-cp310-manylinux_2_17_s390x.manylinux2014_s390x.whl", hash = "sha256:f54a64f8b0c8ff0b64d18aa76675262e1700f3995182267998c31ae974fbc382"},
    {file = "cffi-1.15.0-cp310-cp310-win32.whl", hash = "sha256:c21c9e3896c23007803a875460fb786118f0cdd4434359577ea25eb556e34c55"},
    {file = "cffi-1.15.0-cp310-cp310-win_amd64.whl", hash = "sha256:5e069f72d497312b24fcc02073d70cb989045d1c91cbd53979366077959933e0"},
    {file = "cffi-1.15.0-cp36-cp36m-macosx_10_9_x86_64.whl", hash = "sha256:64d4ec9f448dfe041705426000cc13e34e6e5bb13736e9fd62e34a0b0c41566e"},
    {file = "cffi-1.15.0-cp36-cp36m-manylinux_2_17_aarch64.manylinux2014_aarch64.whl", hash = "sha256:2756c88cbb94231c7a147402476be2c4df2f6078099a6f4a480d239a8817ae39"},
    {file = "cffi-1.15.0-cp36-cp36m-manylinux_2_17_ppc64le.manylinux2014_ppc64le.whl", hash = "sha256:3b96a311ac60a3f6be21d2572e46ce67f09abcf4d09344c49274eb9e0bf345fc"},
    {file = "cffi-1.15.0-cp36-cp36m-manylinux_2_17_s390x.manylinux2014_s390x.whl", hash = "sha256:75e4024375654472cc27e91cbe9eaa08567f7fbdf822638be2814ce059f58032"},
    {file = "cffi-1.15.0-cp36-cp36m-manylinux_2_5_i686.manylinux1_i686.whl", hash = "sha256:59888172256cac5629e60e72e86598027aca6bf01fa2465bdb676d37636573e8"},
    {file = "cffi-1.15.0-cp36-cp36m-manylinux_2_5_x86_64.manylinux1_x86_64.whl", hash = "sha256:27c219baf94952ae9d50ec19651a687b826792055353d07648a5695413e0c605"},
    {file = "cffi-1.15.0-cp36-cp36m-win32.whl", hash = "sha256:4958391dbd6249d7ad855b9ca88fae690783a6be9e86df65865058ed81fc860e"},
    {file = "cffi-1.15.0-cp36-cp36m-win_amd64.whl", hash = "sha256:f6f824dc3bce0edab5f427efcfb1d63ee75b6fcb7282900ccaf925be84efb0fc"},
    {file = "cffi-1.15.0-cp37-cp37m-macosx_10_9_x86_64.whl", hash = "sha256:06c48159c1abed75c2e721b1715c379fa3200c7784271b3c46df01383b593636"},
    {file = "cffi-1.15.0-cp37-cp37m-manylinux_2_12_i686.manylinux2010_i686.whl", hash = "sha256:c2051981a968d7de9dd2d7b87bcb9c939c74a34626a6e2f8181455dd49ed69e4"},
    {file = "cffi-1.15.0-cp37-cp37m-manylinux_2_12_x86_64.manylinux2010_x86_64.whl", hash = "sha256:fd8a250edc26254fe5b33be00402e6d287f562b6a5b2152dec302fa15bb3e997"},
    {file = "cffi-1.15.0-cp37-cp37m-manylinux_2_17_aarch64.manylinux2014_aarch64.whl", hash = "sha256:91d77d2a782be4274da750752bb1650a97bfd8f291022b379bb8e01c66b4e96b"},
    {file = "cffi-1.15.0-cp37-cp37m-manylinux_2_17_ppc64le.manylinux2014_ppc64le.whl", hash = "sha256:45db3a33139e9c8f7c09234b5784a5e33d31fd6907800b316decad50af323ff2"},
    {file = "cffi-1.15.0-cp37-cp37m-manylinux_2_17_s390x.manylinux2014_s390x.whl", hash = "sha256:263cc3d821c4ab2213cbe8cd8b355a7f72a8324577dc865ef98487c1aeee2bc7"},
    {file = "cffi-1.15.0-cp37-cp37m-win32.whl", hash = "sha256:17771976e82e9f94976180f76468546834d22a7cc404b17c22df2a2c81db0c66"},
    {file = "cffi-1.15.0-cp37-cp37m-win_amd64.whl", hash = "sha256:3415c89f9204ee60cd09b235810be700e993e343a408693e80ce7f6a40108029"},
    {file = "cffi-1.15.0-cp38-cp38-macosx_10_9_x86_64.whl", hash = "sha256:4238e6dab5d6a8ba812de994bbb0a79bddbdf80994e4ce802b6f6f3142fcc880"},
    {file = "cffi-1.15.0-cp38-cp38-manylinux_2_12_i686.manylinux2010_i686.whl", hash = "sha256:0808014eb713677ec1292301ea4c81ad277b6cdf2fdd90fd540af98c0b101d20"},
    {file = "cffi-1.15.0-cp38-cp38-manylinux_2_12_x86_64.manylinux2010_x86_64.whl", hash = "sha256:57e9ac9ccc3101fac9d6014fba037473e4358ef4e89f8e181f8951a2c0162024"},
    {file = "cffi-1.15.0-cp38-cp38-manylinux_2_17_aarch64.manylinux2014_aarch64.whl", hash = "sha256:8b6c2ea03845c9f501ed1313e78de148cd3f6cad741a75d43a29b43da27f2e1e"},
    {file = "cffi-1.15.0-cp38-cp38-manylinux_2_17_ppc64le.manylinux2014_ppc64le.whl", hash = "sha256:10dffb601ccfb65262a27233ac273d552ddc4d8ae1bf93b21c94b8511bffe728"},
    {file = "cffi-1.15.0-cp38-cp38-manylinux_2_17_s390x.manylinux2014_s390x.whl", hash = "sha256:786902fb9ba7433aae840e0ed609f45c7bcd4e225ebb9c753aa39725bb3e6ad6"},
    {file = "cffi-1.15.0-cp38-cp38-win32.whl", hash = "sha256:da5db4e883f1ce37f55c667e5c0de439df76ac4cb55964655906306918e7363c"},
    {file = "cffi-1.15.0-cp38-cp38-win_amd64.whl", hash = "sha256:181dee03b1170ff1969489acf1c26533710231c58f95534e3edac87fff06c443"},
    {file = "cffi-1.15.0-cp39-cp39-macosx_10_9_x86_64.whl", hash = "sha256:45e8636704eacc432a206ac7345a5d3d2c62d95a507ec70d62f23cd91770482a"},
    {file = "cffi-1.15.0-cp39-cp39-macosx_11_0_arm64.whl", hash = "sha256:31fb708d9d7c3f49a60f04cf5b119aeefe5644daba1cd2a0fe389b674fd1de37"},
    {file = "cffi-1.15.0-cp39-cp39-manylinux_2_12_i686.manylinux2010_i686.whl", hash = "sha256:6dc2737a3674b3e344847c8686cf29e500584ccad76204efea14f451d4cc669a"},
    {file = "cffi-1.15.0-cp39-cp39-manylinux_2_12_x86_64.manylinux2010_x86_64.whl", hash = "sha256:74fdfdbfdc48d3f47148976f49fab3251e550a8720bebc99bf1483f5bfb5db3e"},
    {file = "cffi-1.15.0-cp39-cp39-manylinux_2_17_aarch64.manylinux2014_aarch64.whl", hash = "sha256:ffaa5c925128e29efbde7301d8ecaf35c8c60ffbcd6a1ffd3a552177c8e5e796"},
    {file = "cffi-1.15.0-cp39-cp39-manylinux_2_17_ppc64le.manylinux2014_ppc64le.whl", hash = "sha256:3f7d084648d77af029acb79a0ff49a0ad7e9d09057a9bf46596dac9514dc07df"},
    {file = "cffi-1.15.0-cp39-cp39-manylinux_2_17_s390x.manylinux2014_s390x.whl", hash = "sha256:ef1f279350da2c586a69d32fc8733092fd32cc8ac95139a00377841f59a3f8d8"},
    {file = "cffi-1.15.0-cp39-cp39-win32.whl", hash = "sha256:2a23af14f408d53d5e6cd4e3d9a24ff9e05906ad574822a10563efcef137979a"},
    {file = "cffi-1.15.0-cp39-cp39-win_amd64.whl", hash = "sha256:3773c4d81e6e818df2efbc7dd77325ca0dcb688116050fb2b3011218eda36139"},
    {file = "cffi-1.15.0.tar.gz", hash = "sha256:920f0d66a896c2d99f0adbb391f990a84091179542c205fa53ce5787aff87954"},
]
charset-normalizer = [
    {file = "charset-normalizer-2.0.12.tar.gz", hash = "sha256:2857e29ff0d34db842cd7ca3230549d1a697f96ee6d3fb071cfa6c7393832597"},
    {file = "charset_normalizer-2.0.12-py3-none-any.whl", hash = "sha256:6881edbebdb17b39b4eaaa821b438bf6eddffb4468cf344f09f89def34a8b1df"},
]
colorama = [
    {file = "colorama-0.4.4-py2.py3-none-any.whl", hash = "sha256:9f47eda37229f68eee03b24b9748937c7dc3868f906e8ba69fbcbdd3bc5dc3e2"},
    {file = "colorama-0.4.4.tar.gz", hash = "sha256:5941b2b48a20143d2267e95b1c2a7603ce057ee39fd88e7329b0c292aa16869b"},
]
greenlet = [
    {file = "greenlet-1.1.2-cp27-cp27m-macosx_10_14_x86_64.whl", hash = "sha256:58df5c2a0e293bf665a51f8a100d3e9956febfbf1d9aaf8c0677cf70218910c6"},
    {file = "greenlet-1.1.2-cp27-cp27m-manylinux1_x86_64.whl", hash = "sha256:aec52725173bd3a7b56fe91bc56eccb26fbdff1386ef123abb63c84c5b43b63a"},
    {file = "greenlet-1.1.2-cp27-cp27m-manylinux2010_x86_64.whl", hash = "sha256:833e1551925ed51e6b44c800e71e77dacd7e49181fdc9ac9a0bf3714d515785d"},
    {file = "greenlet-1.1.2-cp27-cp27m-win32.whl", hash = "sha256:aa5b467f15e78b82257319aebc78dd2915e4c1436c3c0d1ad6f53e47ba6e2713"},
    {file = "greenlet-1.1.2-cp27-cp27m-win_amd64.whl", hash = "sha256:40b951f601af999a8bf2ce8c71e8aaa4e8c6f78ff8afae7b808aae2dc50d4c40"},
    {file = "greenlet-1.1.2-cp27-cp27mu-manylinux1_x86_64.whl", hash = "sha256:95e69877983ea39b7303570fa6760f81a3eec23d0e3ab2021b7144b94d06202d"},
    {file = "greenlet-1.1.2-cp27-cp27mu-manylinux2010_x86_64.whl", hash = "sha256:356b3576ad078c89a6107caa9c50cc14e98e3a6c4874a37c3e0273e4baf33de8"},
    {file = "greenlet-1.1.2-cp310-cp310-macosx_10_14_x86_64.whl", hash = "sha256:8639cadfda96737427330a094476d4c7a56ac03de7265622fcf4cfe57c8ae18d"},
    {file = "greenlet-1.1.2-cp310-cp310-manylinux_2_17_aarch64.manylinux2014_aarch64.whl", hash = "sha256:97e5306482182170ade15c4b0d8386ded995a07d7cc2ca8f27958d34d6736497"},
    {file = "greenlet-1.1.2-cp310-cp310-manylinux_2_17_ppc64le.manylinux2014_ppc64le.whl", hash = "sha256:e6a36bb9474218c7a5b27ae476035497a6990e21d04c279884eb10d9b290f1b1"},
    {file = "greenlet-1.1.2-cp310-cp310-manylinux_2_17_x86_64.manylinux2014_x86_64.whl", hash = "sha256:abb7a75ed8b968f3061327c433a0fbd17b729947b400747c334a9c29a9af6c58"},
    {file = "greenlet-1.1.2-cp310-cp310-musllinux_1_1_x86_64.whl", hash = "sha256:b336501a05e13b616ef81ce329c0e09ac5ed8c732d9ba7e3e983fcc1a9e86965"},
    {file = "greenlet-1.1.2-cp310-cp310-win_amd64.whl", hash = "sha256:14d4f3cd4e8b524ae9b8aa567858beed70c392fdec26dbdb0a8a418392e71708"},
    {file = "greenlet-1.1.2-cp35-cp35m-macosx_10_14_x86_64.whl", hash = "sha256:17ff94e7a83aa8671a25bf5b59326ec26da379ace2ebc4411d690d80a7fbcf23"},
    {file = "greenlet-1.1.2-cp35-cp35m-manylinux1_x86_64.whl", hash = "sha256:9f3cba480d3deb69f6ee2c1825060177a22c7826431458c697df88e6aeb3caee"},
    {file = "greenlet-1.1.2-cp35-cp35m-manylinux2010_x86_64.whl", hash = "sha256:fa877ca7f6b48054f847b61d6fa7bed5cebb663ebc55e018fda12db09dcc664c"},
    {file = "greenlet-1.1.2-cp35-cp35m-win32.whl", hash = "sha256:7cbd7574ce8e138bda9df4efc6bf2ab8572c9aff640d8ecfece1b006b68da963"},
    {file = "greenlet-1.1.2-cp35-cp35m-win_amd64.whl", hash = "sha256:903bbd302a2378f984aef528f76d4c9b1748f318fe1294961c072bdc7f2ffa3e"},
    {file = "greenlet-1.1.2-cp36-cp36m-macosx_10_14_x86_64.whl", hash = "sha256:049fe7579230e44daef03a259faa24511d10ebfa44f69411d99e6a184fe68073"},
    {file = "greenlet-1.1.2-cp36-cp36m-manylinux1_x86_64.whl", hash = "sha256:dd0b1e9e891f69e7675ba5c92e28b90eaa045f6ab134ffe70b52e948aa175b3c"},
    {file = "greenlet-1.1.2-cp36-cp36m-manylinux2010_x86_64.whl", hash = "sha256:7418b6bfc7fe3331541b84bb2141c9baf1ec7132a7ecd9f375912eca810e714e"},
    {file = "greenlet-1.1.2-cp36-cp36m-manylinux_2_17_aarch64.manylinux2014_aarch64.whl", hash = "sha256:f9d29ca8a77117315101425ec7ec2a47a22ccf59f5593378fc4077ac5b754fce"},
    {file = "greenlet-1.1.2-cp36-cp36m-manylinux_2_17_ppc64le.manylinux2014_ppc64le.whl", hash = "sha256:21915eb821a6b3d9d8eefdaf57d6c345b970ad722f856cd71739493ce003ad08"},
    {file = "greenlet-1.1.2-cp36-cp36m-manylinux_2_17_x86_64.manylinux2014_x86_64.whl", hash = "sha256:eff9d20417ff9dcb0d25e2defc2574d10b491bf2e693b4e491914738b7908168"},
    {file = "greenlet-1.1.2-cp36-cp36m-musllinux_1_1_x86_64.whl", hash = "sha256:b8c008de9d0daba7b6666aa5bbfdc23dcd78cafc33997c9b7741ff6353bafb7f"},
    {file = "greenlet-1.1.2-cp36-cp36m-win32.whl", hash = "sha256:32ca72bbc673adbcfecb935bb3fb1b74e663d10a4b241aaa2f5a75fe1d1f90aa"},
    {file = "greenlet-1.1.2-cp36-cp36m-win_amd64.whl", hash = "sha256:f0214eb2a23b85528310dad848ad2ac58e735612929c8072f6093f3585fd342d"},
    {file = "greenlet-1.1.2-cp37-cp37m-macosx_10_14_x86_64.whl", hash = "sha256:b92e29e58bef6d9cfd340c72b04d74c4b4e9f70c9fa7c78b674d1fec18896dc4"},
    {file = "greenlet-1.1.2-cp37-cp37m-manylinux1_x86_64.whl", hash = "sha256:fdcec0b8399108577ec290f55551d926d9a1fa6cad45882093a7a07ac5ec147b"},
    {file = "greenlet-1.1.2-cp37-cp37m-manylinux2010_x86_64.whl", hash = "sha256:93f81b134a165cc17123626ab8da2e30c0455441d4ab5576eed73a64c025b25c"},
    {file = "greenlet-1.1.2-cp37-cp37m-manylinux_2_17_aarch64.manylinux2014_aarch64.whl", hash = "sha256:1e12bdc622676ce47ae9abbf455c189e442afdde8818d9da983085df6312e7a1"},
    {file = "greenlet-1.1.2-cp37-cp37m-manylinux_2_17_ppc64le.manylinux2014_ppc64le.whl", hash = "sha256:8c790abda465726cfb8bb08bd4ca9a5d0a7bd77c7ac1ca1b839ad823b948ea28"},
    {file = "greenlet-1.1.2-cp37-cp37m-manylinux_2_17_x86_64.manylinux2014_x86_64.whl", hash = "sha256:f276df9830dba7a333544bd41070e8175762a7ac20350786b322b714b0e654f5"},
    {file = "greenlet-1.1.2-cp37-cp37m-musllinux_1_1_x86_64.whl", hash = "sha256:8c5d5b35f789a030ebb95bff352f1d27a93d81069f2adb3182d99882e095cefe"},
    {file = "greenlet-1.1.2-cp37-cp37m-win32.whl", hash = "sha256:64e6175c2e53195278d7388c454e0b30997573f3f4bd63697f88d855f7a6a1fc"},
    {file = "greenlet-1.1.2-cp37-cp37m-win_amd64.whl", hash = "sha256:b11548073a2213d950c3f671aa88e6f83cda6e2fb97a8b6317b1b5b33d850e06"},
    {file = "greenlet-1.1.2-cp38-cp38-macosx_10_14_x86_64.whl", hash = "sha256:9633b3034d3d901f0a46b7939f8c4d64427dfba6bbc5a36b1a67364cf148a1b0"},
    {file = "greenlet-1.1.2-cp38-cp38-manylinux1_x86_64.whl", hash = "sha256:eb6ea6da4c787111adf40f697b4e58732ee0942b5d3bd8f435277643329ba627"},
    {file = "greenlet-1.1.2-cp38-cp38-manylinux2010_x86_64.whl", hash = "sha256:f3acda1924472472ddd60c29e5b9db0cec629fbe3c5c5accb74d6d6d14773478"},
    {file = "greenlet-1.1.2-cp38-cp38-manylinux_2_17_aarch64.manylinux2014_aarch64.whl", hash = "sha256:e859fcb4cbe93504ea18008d1df98dee4f7766db66c435e4882ab35cf70cac43"},
    {file = "greenlet-1.1.2-cp38-cp38-manylinux_2_17_ppc64le.manylinux2014_ppc64le.whl", hash = "sha256:00e44c8afdbe5467e4f7b5851be223be68adb4272f44696ee71fe46b7036a711"},
    {file = "greenlet-1.1.2-cp38-cp38-manylinux_2_17_x86_64.manylinux2014_x86_64.whl", hash = "sha256:ec8c433b3ab0419100bd45b47c9c8551248a5aee30ca5e9d399a0b57ac04651b"},
    {file = "greenlet-1.1.2-cp38-cp38-musllinux_1_1_x86_64.whl", hash = "sha256:2bde6792f313f4e918caabc46532aa64aa27a0db05d75b20edfc5c6f46479de2"},
    {file = "greenlet-1.1.2-cp38-cp38-win32.whl", hash = "sha256:288c6a76705dc54fba69fbcb59904ae4ad768b4c768839b8ca5fdadec6dd8cfd"},
    {file = "greenlet-1.1.2-cp38-cp38-win_amd64.whl", hash = "sha256:8d2f1fb53a421b410751887eb4ff21386d119ef9cde3797bf5e7ed49fb51a3b3"},
    {file = "greenlet-1.1.2-cp39-cp39-macosx_10_14_x86_64.whl", hash = "sha256:166eac03e48784a6a6e0e5f041cfebb1ab400b394db188c48b3a84737f505b67"},
    {file = "greenlet-1.1.2-cp39-cp39-manylinux1_x86_64.whl", hash = "sha256:572e1787d1460da79590bf44304abbc0a2da944ea64ec549188fa84d89bba7ab"},
    {file = "greenlet-1.1.2-cp39-cp39-manylinux2010_x86_64.whl", hash = "sha256:be5f425ff1f5f4b3c1e33ad64ab994eed12fc284a6ea71c5243fd564502ecbe5"},
    {file = "greenlet-1.1.2-cp39-cp39-manylinux_2_17_aarch64.manylinux2014_aarch64.whl", hash = "sha256:b1692f7d6bc45e3200844be0dba153612103db241691088626a33ff1f24a0d88"},
    {file = "greenlet-1.1.2-cp39-cp39-manylinux_2_17_ppc64le.manylinux2014_ppc64le.whl", hash = "sha256:7227b47e73dedaa513cdebb98469705ef0d66eb5a1250144468e9c3097d6b59b"},
    {file = "greenlet-1.1.2-cp39-cp39-manylinux_2_17_x86_64.manylinux2014_x86_64.whl", hash = "sha256:7ff61ff178250f9bb3cd89752df0f1dd0e27316a8bd1465351652b1b4a4cdfd3"},
    {file = "greenlet-1.1.2-cp39-cp39-musllinux_1_1_x86_64.whl", hash = "sha256:0051c6f1f27cb756ffc0ffbac7d2cd48cb0362ac1736871399a739b2885134d3"},
    {file = "greenlet-1.1.2-cp39-cp39-win32.whl", hash = "sha256:f70a9e237bb792c7cc7e44c531fd48f5897961701cdaa06cf22fc14965c496cf"},
    {file = "greenlet-1.1.2-cp39-cp39-win_amd64.whl", hash = "sha256:013d61294b6cd8fe3242932c1c5e36e5d1db2c8afb58606c5a67efce62c1f5fd"},
    {file = "greenlet-1.1.2.tar.gz", hash = "sha256:e30f5ea4ae2346e62cedde8794a56858a67b878dd79f7df76a0767e356b1744a"},
]
idna = [
    {file = "idna-3.3-py3-none-any.whl", hash = "sha256:84d9dd047ffa80596e0f246e2eab0b391788b0503584e8945f2368256d2735ff"},
    {file = "idna-3.3.tar.gz", hash = "sha256:9d643ff0a55b762d5cdb124b8eaa99c66322e2157b69160bc32796e824360e6d"},
]
iniconfig = [
    {file = "iniconfig-1.1.1-py2.py3-none-any.whl", hash = "sha256:011e24c64b7f47f6ebd835bb12a743f2fbe9a26d4cecaa7f53bc4f35ee9da8b3"},
    {file = "iniconfig-1.1.1.tar.gz", hash = "sha256:bc3af051d7d14b2ee5ef9969666def0cd1a000e121eaea580d4a313df4b37f32"},
]
invoke = [
    {file = "invoke-1.7.0-py3-none-any.whl", hash = "sha256:a5159fc63dba6ca2a87a1e33d282b99cea69711b03c64a35bb4e1c53c6c4afa0"},
    {file = "invoke-1.7.0.tar.gz", hash = "sha256:e332e49de40463f2016315f51df42313855772be86435686156bc18f45b5cc6c"},
]
packaging = [
    {file = "packaging-21.3-py3-none-any.whl", hash = "sha256:ef103e05f519cdc783ae24ea4e2e0f508a9c99b2d4969652eed6a2e1ea5bd522"},
    {file = "packaging-21.3.tar.gz", hash = "sha256:dd47c42927d89ab911e606518907cc2d3a1f38bbd026385970643f9c5b8ecfeb"},
]
pluggy = [
    {file = "pluggy-1.0.0-py2.py3-none-any.whl", hash = "sha256:74134bbf457f031a36d68416e1509f34bd5ccc019f0bcc952c7b909d06b37bd3"},
    {file = "pluggy-1.0.0.tar.gz", hash = "sha256:4224373bacce55f955a878bf9cfa763c1e360858e330072059e10bad68531159"},
]
proxy-tools = [
    {file = "proxy_tools-0.1.0.tar.gz", hash = "sha256:ccb3751f529c047e2d8a58440d86b205303cf0fe8146f784d1cbcd94f0a28010"},
]
py = [
    {file = "py-1.11.0-py2.py3-none-any.whl", hash = "sha256:607c53218732647dff4acdfcd50cb62615cedf612e72d1724fb1a0cc6405b378"},
    {file = "py-1.11.0.tar.gz", hash = "sha256:51c75c4126074b472f746a24399ad32f6053d1b34b68d2fa41e558e6f4a98719"},
]
pycparser = [
    {file = "pycparser-2.21-py2.py3-none-any.whl", hash = "sha256:8ee45429555515e1f6b185e78100aea234072576aa43ab53aefcae078162fca9"},
    {file = "pycparser-2.21.tar.gz", hash = "sha256:e644fdec12f7872f86c58ff790da456218b10f863970249516d60a5eaca77206"},
]
pyobjc-core = [
    {file = "pyobjc-core-8.4.1.tar.gz", hash = "sha256:df98669e957adb33566d9ef46773a5ac876a81afe8849c282d6a80448e35dd74"},
    {file = "pyobjc_core-8.4.1-cp310-cp310-macosx_10_9_universal2.whl", hash = "sha256:9a89cac910fbd64728fe7ec0c7a3a7cf20959bc1d7e2f41db4d7800556e47745"},
    {file = "pyobjc_core-8.4.1-cp36-cp36m-macosx_10_9_x86_64.whl", hash = "sha256:2cf1d4348cb99fcba04fa38199a46e35263b2fe7bb66e6dfbd4f19bc2602998d"},
    {file = "pyobjc_core-8.4.1-cp37-cp37m-macosx_10_9_x86_64.whl", hash = "sha256:a130324b25c0f5f4cfe30b6a28b8e70865d6e1eee158caababb603906ef431d2"},
    {file = "pyobjc_core-8.4.1-cp38-cp38-macosx_10_9_x86_64.whl", hash = "sha256:c31195d1a8f00da99abf79643f902d09c709dbbe9c9b6feb6b585303c57d720c"},
    {file = "pyobjc_core-8.4.1-cp38-cp38-macosx_11_0_universal2.whl", hash = "sha256:e7fd2aefb53a96a8f688c8bb36c6ebd5446250a7251bfa6b688a045e05afc60b"},
    {file = "pyobjc_core-8.4.1-cp39-cp39-macosx_10_9_universal2.whl", hash = "sha256:b3191173ce268e23c84d84f036fc94c3a8749a6726fc7fe73baf27dbac14f7d0"},
]
pyobjc-framework-cocoa = [
    {file = "pyobjc-framework-Cocoa-8.4.1.tar.gz", hash = "sha256:dc596bac0f5d424f67944e95b2d0d7c94a07c4166359d7b4a4d4ae4f8e112822"},
    {file = "pyobjc_framework_Cocoa-8.4.1-cp310-cp310-macosx_10_9_universal2.whl", hash = "sha256:cfbe038a0108ae1b45f8f7067af70af5811b8352d2dc3d86a7bcb4484ff5d56e"},
    {file = "pyobjc_framework_Cocoa-8.4.1-cp36-cp36m-macosx_10_9_x86_64.whl", hash = "sha256:118225562064d991bafb41d0913899d6b3d723984d1888cb7181e4dba63b22c2"},
    {file = "pyobjc_framework_Cocoa-8.4.1-cp37-cp37m-macosx_10_9_x86_64.whl", hash = "sha256:d117a1eb24fd317e9f63792ac6a8703ed899de5d42e8a861c7bf885625668c31"},
    {file = "pyobjc_framework_Cocoa-8.4.1-cp38-cp38-macosx_10_9_x86_64.whl", hash = "sha256:3af8577acbd6b980d3b9270ec99bc0164f66ef8397351a72fcdee527f23c1a34"},
    {file = "pyobjc_framework_Cocoa-8.4.1-cp38-cp38-macosx_11_0_universal2.whl", hash = "sha256:91fdc964acb4dee4d37ae81fb603d48397739dbbfcc1eadbe0cdafaa8144b6e6"},
    {file = "pyobjc_framework_Cocoa-8.4.1-cp39-cp39-macosx_10_9_universal2.whl", hash = "sha256:197dd28668e786b55d7d4139afd85c285f780564ebbccc166e84a24be31de34f"},
]
pyobjc-framework-webkit = [
    {file = "pyobjc-framework-WebKit-8.4.1.tar.gz", hash = "sha256:ccf8f1d077e0fde836fc68a8b4b4c379d84f9d15126dddc521758ad08882186d"},
    {file = "pyobjc_framework_WebKit-8.4.1-cp36-abi3-macosx_10_9_universal2.whl", hash = "sha256:689b2bf3eea9b59d43045592756a7458a4b736db049d888eb01d10b5dc08b3c7"},
    {file = "pyobjc_framework_WebKit-8.4.1-cp36-abi3-macosx_10_9_x86_64.whl", hash = "sha256:654ebeadfccec14535579b42ab55a73c80cd27421a18db434ab47fc45ff34812"},
    {file = "pyobjc_framework_WebKit-8.4.1-cp36-abi3-macosx_11_0_universal2.whl", hash = "sha256:329e204d16651b55fcd0e9a3d40d060870f0961022473b123a173e4ac5334a73"},
]
pyparsing = [
    {file = "pyparsing-3.0.7-py3-none-any.whl", hash = "sha256:a6c06a88f252e6c322f65faf8f418b16213b51bdfaece0524c1c1bc30c63c484"},
    {file = "pyparsing-3.0.7.tar.gz", hash = "sha256:18ee9022775d270c55187733956460083db60b37d0d0fb357445f3094eed3eea"},
]
pyqt5 = [
    {file = "PyQt5-5.15.6-cp36-abi3-macosx_10_13_x86_64.whl", hash = "sha256:33ced1c876f6a26e7899615a5a4efef2167c263488837c7beed023a64cebd051"},
    {file = "PyQt5-5.15.6-cp36-abi3-manylinux1_x86_64.whl", hash = "sha256:9d6efad0377aa78bf081a20ac752ce86096ded18f04c592d98f5b92dc879ad0a"},
    {file = "PyQt5-5.15.6-cp36-abi3-win32.whl", hash = "sha256:9d2dcdaf82263ae56023410a7af15d1fd746c8e361733a7d0d1bd1f004ec2793"},
    {file = "PyQt5-5.15.6-cp36-abi3-win_amd64.whl", hash = "sha256:f411ecda52e488e1d3c5cce7563e1b2ca9cf0b7531e3c25b03d9a7e56e07e7fc"},
    {file = "PyQt5-5.15.6.tar.gz", hash = "sha256:80343bcab95ffba619f2ed2467fd828ffeb0a251ad7225be5fc06dcc333af452"},
]
pyqt5-qt5 = [
    {file = "PyQt5_Qt5-5.15.2-py3-none-macosx_10_13_intel.whl", hash = "sha256:76980cd3d7ae87e3c7a33bfebfaee84448fd650bad6840471d6cae199b56e154"},
    {file = "PyQt5_Qt5-5.15.2-py3-none-manylinux2014_x86_64.whl", hash = "sha256:1988f364ec8caf87a6ee5d5a3a5210d57539988bf8e84714c7d60972692e2f4a"},
    {file = "PyQt5_Qt5-5.15.2-py3-none-win32.whl", hash = "sha256:9cc7a768b1921f4b982ebc00a318ccb38578e44e45316c7a4a850e953e1dd327"},
    {file = "PyQt5_Qt5-5.15.2-py3-none-win_amd64.whl", hash = "sha256:750b78e4dba6bdf1607febedc08738e318ea09e9b10aea9ff0d73073f11f6962"},
]
pyqt5-sip = [
    {file = "PyQt5_sip-12.9.1-cp310-cp310-macosx_10_9_universal2.whl", hash = "sha256:6b2e553e21b7ff124007a6b9168f8bb8c171fdf230d31ca0588df180f10bacbe"},
    {file = "PyQt5_sip-12.9.1-cp310-cp310-manylinux1_x86_64.whl", hash = "sha256:5740a1770d6b92a5dca8bb0bda4620baf0d7a726beb864f69c667ddac91d6f64"},
    {file = "PyQt5_sip-12.9.1-cp310-cp310-win32.whl", hash = "sha256:9699286fcdf4f75a4b91c7e4832c0f926af18d648c62a4ed72dd294c1a93705a"},
    {file = "PyQt5_sip-12.9.1-cp310-cp310-win_amd64.whl", hash = "sha256:e2792af660da7479799f53028da88190ae8b4a0ad5acc2acbfd6c7bbfe110d58"},
    {file = "PyQt5_sip-12.9.1-cp36-cp36m-macosx_10_6_intel.whl", hash = "sha256:7ee08ad0ebf85b935f5d8d38306f8665fff9a6026c14fc0a7d780649e889c096"},
    {file = "PyQt5_sip-12.9.1-cp36-cp36m-manylinux1_x86_64.whl", hash = "sha256:2d21420b0739df2607864e2c80ca01994bc40cb116da6ad024ea8d9f407b0356"},
    {file = "PyQt5_sip-12.9.1-cp36-cp36m-win32.whl", hash = "sha256:ffd25051962c593d1c3c30188b9fbd8589ba17acd23a0202dc987bd3552fa611"},
    {file = "PyQt5_sip-12.9.1-cp36-cp36m-win_amd64.whl", hash = "sha256:78ef8f1f41819661aa8e3117d6c1cd76fa14aef265e5bfd515dbfc64d412416b"},
    {file = "PyQt5_sip-12.9.1-cp37-cp37m-macosx_10_9_x86_64.whl", hash = "sha256:5e641182bfee0501267c55e687832e4efe05becdae9e555d3695d706009b6598"},
    {file = "PyQt5_sip-12.9.1-cp37-cp37m-manylinux1_x86_64.whl", hash = "sha256:c9a977d2835a5fbf250b00d61267dc228bdec9e20c7420d4e8d54d6f20410f87"},
    {file = "PyQt5_sip-12.9.1-cp37-cp37m-win32.whl", hash = "sha256:cec6ebf0b1163b18f09bc523160c467a9528b6dca129753827ac0bc432b332ae"},
    {file = "PyQt5_sip-12.9.1-cp37-cp37m-win_amd64.whl", hash = "sha256:82c1b3080db7634fa318fddbb3cfaa30e63a67bca1001a76958c31f30b774a9d"},
    {file = "PyQt5_sip-12.9.1-cp38-cp38-macosx_10_9_x86_64.whl", hash = "sha256:cfaad4a773c18b963092589b1a98153d36624601de8597a4dc287e5a295d5625"},
    {file = "PyQt5_sip-12.9.1-cp38-cp38-manylinux1_x86_64.whl", hash = "sha256:ce7a8b3af9db378c46b345d9809d481a74c4bfcd3129486c054fbdbc6a3503f9"},
    {file = "PyQt5_sip-12.9.1-cp38-cp38-win32.whl", hash = "sha256:8fe5b3e4bbb8b472d05631cad21028d073f9f8eda770041449514cb3824a867f"},
    {file = "PyQt5_sip-12.9.1-cp38-cp38-win_amd64.whl", hash = "sha256:5d59c4a5e856a35c41b47f5a23e1635b38cd1672f4f0122a68ebcb6889523ff2"},
    {file = "PyQt5_sip-12.9.1-cp39-cp39-macosx_10_9_x86_64.whl", hash = "sha256:b56aedf7b0a496e4a8bd6087566888cea448aa01c76126cdb8b140e3ff3f5d93"},
    {file = "PyQt5_sip-12.9.1-cp39-cp39-manylinux1_x86_64.whl", hash = "sha256:53e23dcc0fc3857204abd47660e383b930941bd1aeaf3c78ed59c5c12dd48010"},
    {file = "PyQt5_sip-12.9.1-cp39-cp39-win32.whl", hash = "sha256:ee188eac5fd94dfe8d9e04a9e7fbda65c3535d5709278d8b7367ebd54f00e27f"},
    {file = "PyQt5_sip-12.9.1-cp39-cp39-win_amd64.whl", hash = "sha256:989d51c41456cc496cb96f0b341464932b957040d26561f0bb4cf5a0914d6b36"},
    {file = "PyQt5_sip-12.9.1.tar.gz", hash = "sha256:2f24f299b44c511c23796aafbbb581bfdebf78d0905657b7cee2141b4982030e"},
]
pyqtwebengine = [
    {file = "PyQtWebEngine-5.15.5-cp36-abi3-macosx_10_13_x86_64.whl", hash = "sha256:5c77f71d88d871bc7400c68ef6433fadc5bd57b86d1a9c4d8094cea42f3607f1"},
    {file = "PyQtWebEngine-5.15.5-cp36-abi3-manylinux1_x86_64.whl", hash = "sha256:782aeee6bc8699bc029fe5c169a045c2bc9533d781cf3f5e9fb424b85a204e68"},
    {file = "PyQtWebEngine-5.15.5-cp36-abi3-win32.whl", hash = "sha256:b827ad7ba0a65d5cd176797478f0ec8f599df6746b06c548649ff5674482a022"},
    {file = "PyQtWebEngine-5.15.5-cp36-abi3-win_amd64.whl", hash = "sha256:30cebf455406990d5a0b859eac261ba6b45c32ce18956271733e0e96dbdca9b7"},
    {file = "PyQtWebEngine-5.15.5.tar.gz", hash = "sha256:ab47608dccf2b5e4b950d5a3cc704b17711af035024d07a9b71ad29fc103b941"},
]
pyqtwebengine-qt5 = [
    {file = "PyQtWebEngine_Qt5-5.15.2-py3-none-macosx_10_13_intel.whl", hash = "sha256:bc7b1fd1f4f8138d59b0b0245d601fb2c5c0aa1e1e7e853b713e52a3165d147e"},
    {file = "PyQtWebEngine_Qt5-5.15.2-py3-none-manylinux2014_x86_64.whl", hash = "sha256:ec2acb1780c0124ef060c310e00ca701f388d8b6c35bba9127f7a6f0dc536f77"},
    {file = "PyQtWebEngine_Qt5-5.15.2-py3-none-win32.whl", hash = "sha256:9e80b408d8de09d4e708d5d84c3ceaf3603292ff8f5e566ae44bb0320fa59c33"},
    {file = "PyQtWebEngine_Qt5-5.15.2-py3-none-win_amd64.whl", hash = "sha256:24231f19e1595018779977de6722b5c69f3d03f34a5f7574ff21cd1e764ef76d"},
]
pytest = [
    {file = "pytest-7.1.1-py3-none-any.whl", hash = "sha256:92f723789a8fdd7180b6b06483874feca4c48a5c76968e03bb3e7f806a1869ea"},
    {file = "pytest-7.1.1.tar.gz", hash = "sha256:841132caef6b1ad17a9afde46dc4f6cfa59a05f9555aae5151f73bdf2820ca63"},
]
pythonnet = [
    {file = "pythonnet-2.5.2-cp27-cp27m-win32.whl", hash = "sha256:d519bbc7b1cd3999651efc594d91cb67c46d1d8466dad3d83b578102e58d05bd"},
    {file = "pythonnet-2.5.2-cp27-cp27m-win_amd64.whl", hash = "sha256:c02f53d0e61b202cddf3198fac9553d5b4ee0ea0cc4fe658c2ed69ab24def276"},
    {file = "pythonnet-2.5.2-cp35-cp35m-win32.whl", hash = "sha256:840bdef89b378663d73f74f18895b6d8630d1f5671457a1db5ffb68179d85582"},
    {file = "pythonnet-2.5.2-cp35-cp35m-win_amd64.whl", hash = "sha256:d8e5b27de1e2cfb69b88782ac5cdf605b1a73598a85d86570e46961126628dbb"},
    {file = "pythonnet-2.5.2-cp36-cp36m-win32.whl", hash = "sha256:62645c29840c4a877d66e047f3e065b2e5a1a66431a99bce8d42a5af3a093ee1"},
    {file = "pythonnet-2.5.2-cp36-cp36m-win_amd64.whl", hash = "sha256:058e536062d1585d07ec5f2cf16aefcfc8eb8179faa90e5db0063d358469d025"},
    {file = "pythonnet-2.5.2-cp37-cp37m-win32.whl", hash = "sha256:cc77fc63e2afb0a80199ab44ced4fdfb78c19d8030063c345c80740d15380dd9"},
    {file = "pythonnet-2.5.2-cp37-cp37m-win_amd64.whl", hash = "sha256:80c8f5c9bd10440a73eb6aedbbacb2f3dd7701b474816f5ef7636f529d838d38"},
    {file = "pythonnet-2.5.2-cp38-cp38-win32.whl", hash = "sha256:41a607b7304e9efc6d4d8db438d6018a17c6637e8b8998848ff5c2a7a1b4687c"},
    {file = "pythonnet-2.5.2-cp38-cp38-win_amd64.whl", hash = "sha256:00a4fed9fc05b4efbe8947c79dc0799cffbca4c89e3e068e70b6618f20c906f2"},
    {file = "pythonnet-2.5.2.tar.gz", hash = "sha256:b7287480a1f6ae4b6fc80d775446d8af00e051ca1646b6cc3d32c5d3a461ede3"},
]
pywebview = [
    {file = "pywebview-3.6.2-py3-none-any.whl", hash = "sha256:43ec12cf720cc018a64c2234fef4f383737299237e22c73b152d1da62284c5da"},
    {file = "pywebview-3.6.2.tar.gz", hash = "sha256:5f52f30a8df3b635506ee3ed744c281b60537085f052f22cb5f9506084ca3f25"},
]
qtpy = [
    {file = "QtPy-2.0.1-py3-none-any.whl", hash = "sha256:d93f2c98e97387fcc9d623d509772af5b6c15ab9d8f9f4c5dfbad9a73ad34812"},
    {file = "QtPy-2.0.1.tar.gz", hash = "sha256:adfd073ffbd2de81dc7aaa0b983499ef5c59c96adcfdcc9dea60d42ca885eb8f"},
]
requests = [
    {file = "requests-2.27.1-py2.py3-none-any.whl", hash = "sha256:f22fa1e554c9ddfd16e6e41ac79759e17be9e492b3587efa038054674760e72d"},
    {file = "requests-2.27.1.tar.gz", hash = "sha256:68d7c56fd5a8999887728ef304a6d12edc7be74f1cfa47714fc8b414525c9a61"},
]
six = [
    {file = "six-1.16.0-py2.py3-none-any.whl", hash = "sha256:8abb2f1d86890a2dfb989f9a77cfcfd3e47c2a354b01111771326f8aa26e0254"},
    {file = "six-1.16.0.tar.gz", hash = "sha256:1e61c37477a1626458e36f7b1d82aa5c9b094fa4802892072e49de9c60c4c926"},
]
sqlalchemy = [
    {file = "SQLAlchemy-1.4.34-cp27-cp27m-macosx_10_14_x86_64.whl", hash = "sha256:c025d45318b73c0601cca451532556cbab532b2742839ebb8cb58f9ebf06811e"},
    {file = "SQLAlchemy-1.4.34-cp27-cp27m-manylinux_2_5_x86_64.manylinux1_x86_64.whl", hash = "sha256:cd5cffd1dd753828f1069f33062f3896e51c990acd957c264f40e051b3e19887"},
    {file = "SQLAlchemy-1.4.34-cp27-cp27m-win32.whl", hash = "sha256:a47bf6b7ca6c28e4f4e262fabcf5be6b907af81be36de77839c9eeda2cdf3bb3"},
    {file = "SQLAlchemy-1.4.34-cp27-cp27m-win_amd64.whl", hash = "sha256:c9218e3519398129e364121e0d89823e6ba2a2b77c28bfc661face0829c41433"},
    {file = "SQLAlchemy-1.4.34-cp27-cp27mu-manylinux_2_5_x86_64.manylinux1_x86_64.whl", hash = "sha256:7ee14a7f9f76d1ef9d5e5b760c9252617c839b87eee04d1ce8325ac66ae155c4"},
    {file = "SQLAlchemy-1.4.34-cp310-cp310-macosx_10_15_x86_64.whl", hash = "sha256:4414ace6e3a5e39523e55a5d9f3b215699b2ead4ff91fca98f1b659b7ab2d92a"},
    {file = "SQLAlchemy-1.4.34-cp310-cp310-manylinux_2_17_aarch64.manylinux2014_aarch64.whl", hash = "sha256:6a6cfd468f54d65324fd3847cfd0148b0610efa6a43e5f5fcc89f455696ae9e7"},
    {file = "SQLAlchemy-1.4.34-cp310-cp310-manylinux_2_5_x86_64.manylinux1_x86_64.manylinux_2_12_x86_64.manylinux2010_x86_64.whl", hash = "sha256:27a42894a2751e438eaed12fc0dcfe741ff2f66c14760d081222c5adc5460064"},
    {file = "SQLAlchemy-1.4.34-cp310-cp310-manylinux_2_5_x86_64.manylinux1_x86_64.manylinux_2_17_x86_64.manylinux2014_x86_64.whl", hash = "sha256:671f61c3db4595b0e86cc4b30f675a7c0206d9ce99f041b4f6761c7ddd1e0074"},
    {file = "SQLAlchemy-1.4.34-cp310-cp310-win32.whl", hash = "sha256:3ebb97ed96f4506e2f212e1fcf0ec07a103bb194938627660a5acb4d9feae49c"},
    {file = "SQLAlchemy-1.4.34-cp310-cp310-win_amd64.whl", hash = "sha256:d8efcaa709ea8e7c08c3d3e7639c39b36083f5a995f397f9e6eedf5f5e4e4946"},
    {file = "SQLAlchemy-1.4.34-cp36-cp36m-macosx_10_14_x86_64.whl", hash = "sha256:a4fb5c6ee84a6bba4ff6f9f5379f0b3a0ffe9de7ba5a0945659b3da8d519709b"},
    {file = "SQLAlchemy-1.4.34-cp36-cp36m-manylinux_2_17_aarch64.manylinux2014_aarch64.whl", hash = "sha256:07f4dab2deb6d34618a2ccfff3971a85923ad7c3a9a45401818870fc51d3f0cc"},
    {file = "SQLAlchemy-1.4.34-cp36-cp36m-manylinux_2_5_x86_64.manylinux1_x86_64.manylinux_2_12_x86_64.manylinux2010_x86_64.whl", hash = "sha256:67c1c27c48875afc950bee5ee24582794f20b545e64e4f9ca94071a9b514d6ed"},
    {file = "SQLAlchemy-1.4.34-cp36-cp36m-manylinux_2_5_x86_64.manylinux1_x86_64.manylinux_2_17_x86_64.manylinux2014_x86_64.whl", hash = "sha256:954ea8c527c4322afb6885944904714893af81fe9167e421273770991bf08a4a"},
    {file = "SQLAlchemy-1.4.34-cp36-cp36m-win32.whl", hash = "sha256:2a3e4dc7c452ba3c0f3175ad5a8e0ba49c2b0570a8d07272cf50844c8d78e74f"},
    {file = "SQLAlchemy-1.4.34-cp36-cp36m-win_amd64.whl", hash = "sha256:f47996b1810894f766c9ee689607077c6c0e0fd6761e04c12ba13efb56d50c1d"},
    {file = "SQLAlchemy-1.4.34-cp37-cp37m-macosx_10_14_x86_64.whl", hash = "sha256:b34bbc683789559f1bc9bb685fc162e0956dbbdfbe2fbd6755a9f5982c113610"},
    {file = "SQLAlchemy-1.4.34-cp37-cp37m-manylinux_2_17_aarch64.manylinux2014_aarch64.whl", hash = "sha256:804cf491437f3e4ce31247ab4b309b181f06ecc97d309b746d10f09439b4eb85"},
    {file = "SQLAlchemy-1.4.34-cp37-cp37m-manylinux_2_5_x86_64.manylinux1_x86_64.manylinux_2_12_x86_64.manylinux2010_x86_64.whl", hash = "sha256:f197c66663ed0f9e1178d51141d864688fb244a83f6b17f667d521e482537b2e"},
    {file = "SQLAlchemy-1.4.34-cp37-cp37m-manylinux_2_5_x86_64.manylinux1_x86_64.manylinux_2_17_x86_64.manylinux2014_x86_64.whl", hash = "sha256:08aaad905aba8940f27aeb9f1f851bf63f18ef97b0062ca41f64afc4b64e0e8c"},
    {file = "SQLAlchemy-1.4.34-cp37-cp37m-win32.whl", hash = "sha256:345306707bb0e51e7cd6e7573adafbce018894ee5e3b9c31134545f704936db0"},
    {file = "SQLAlchemy-1.4.34-cp37-cp37m-win_amd64.whl", hash = "sha256:50174e173d03209c34e07e7b57cca48d0082ac2390edf927aafc706c111da11e"},
    {file = "SQLAlchemy-1.4.34-cp38-cp38-macosx_10_14_x86_64.whl", hash = "sha256:878c7beaafa365602762c19f638282e1885454fed1aed86f8fae038933c7c671"},
    {file = "SQLAlchemy-1.4.34-cp38-cp38-manylinux_2_17_aarch64.manylinux2014_aarch64.whl", hash = "sha256:70048a83f0a1ece1fcd7189891c888e20af2c57fbd33eb760d8cece9843b896c"},
    {file = "SQLAlchemy-1.4.34-cp38-cp38-manylinux_2_5_x86_64.manylinux1_x86_64.manylinux_2_12_x86_64.manylinux2010_x86_64.whl", hash = "sha256:621d3f6c0ba2407bb97e82b649be5ca7d5b6c201dcfb964ce13f517bf1cb6305"},
    {file = "SQLAlchemy-1.4.34-cp38-cp38-manylinux_2_5_x86_64.manylinux1_x86_64.manylinux_2_17_x86_64.manylinux2014_x86_64.whl", hash = "sha256:045d6a26c262929af0b9cb25441aae675ac04db4ea8bd2446b355617cd6b6b7d"},
    {file = "SQLAlchemy-1.4.34-cp38-cp38-win32.whl", hash = "sha256:e297a5cc625e3f1367a82deedf2d48ee4d2b2bd263b8b8d2efbaaf5608b5229e"},
    {file = "SQLAlchemy-1.4.34-cp38-cp38-win_amd64.whl", hash = "sha256:36f08d94670315ca04c8139bd80b3e02b9dd9cc66fc11bcb96fd10ad51a051ab"},
    {file = "SQLAlchemy-1.4.34-cp39-cp39-macosx_10_15_x86_64.whl", hash = "sha256:40b995d7aeeb6f88a1927ce6692c0f626b59d8effd3e1d597f125e141707b37c"},
    {file = "SQLAlchemy-1.4.34-cp39-cp39-manylinux_2_17_aarch64.manylinux2014_aarch64.whl", hash = "sha256:eb6558ba07409dafa18c793c34292b3265be455904966f0724c10198829477e3"},
    {file = "SQLAlchemy-1.4.34-cp39-cp39-manylinux_2_5_x86_64.manylinux1_x86_64.manylinux_2_12_x86_64.manylinux2010_x86_64.whl", hash = "sha256:e67278ceb63270cdac0a7b89fc3c29a56f7dac9616a7ee48e7ad6b52e3b631e5"},
    {file = "SQLAlchemy-1.4.34-cp39-cp39-manylinux_2_5_x86_64.manylinux1_x86_64.manylinux_2_17_x86_64.manylinux2014_x86_64.whl", hash = "sha256:50107d8183da3fbe5715957aa3954cd9d82aed555c5b4d3fd37fac861af422fa"},
    {file = "SQLAlchemy-1.4.34-cp39-cp39-win32.whl", hash = "sha256:c3ad7f5b61ba014f5045912aea15b03c473bb02b1c07fd92c9d2c794fa183276"},
    {file = "SQLAlchemy-1.4.34-cp39-cp39-win_amd64.whl", hash = "sha256:5e88912bf192e7b5739c446d2276e1cba74cfa6c1c93eea2b2534404f6be1dbd"},
    {file = "SQLAlchemy-1.4.34.tar.gz", hash = "sha256:623bac2d6bdca3f3e61cf1e1c466c5fb9f5cf08735736ee1111187b7a4108891"},
]
tomli = [
    {file = "tomli-2.0.1-py3-none-any.whl", hash = "sha256:939de3e7a6161af0c887ef91b7d41a53e7c5a1ca976325f429cb46ea9bc30ecc"},
    {file = "tomli-2.0.1.tar.gz", hash = "sha256:de526c12914f0c550d15924c62d72abc48d6fe7364aa87328337a31007fe8a4f"},
]
urllib3 = [
    {file = "urllib3-1.26.9-py2.py3-none-any.whl", hash = "sha256:44ece4d53fb1706f667c9bd1c648f5469a2ec925fcf3a776667042d645472c14"},
    {file = "urllib3-1.26.9.tar.gz", hash = "sha256:aabaf16477806a5e1dd19aa41f8c2b7950dd3c746362d7e3223dbe6de6ac448e"},
]
